// !$*UTF8*$!
{
	archiveVersion = 1;
	classes = {
	};
	objectVersion = 50;
	objects = {

/* Begin PBXBuildFile section */
		BB45250E2196B215009BD356 /* AppDelegate.swift in Sources */ = {isa = PBXBuildFile; fileRef = BB45250D2196B215009BD356 /* AppDelegate.swift */; };
		BB4525102196B215009BD356 /* ViewController.swift in Sources */ = {isa = PBXBuildFile; fileRef = BB45250F2196B215009BD356 /* ViewController.swift */; };
		BB4525132196B216009BD356 /* Main.storyboard in Resources */ = {isa = PBXBuildFile; fileRef = BB4525112196B216009BD356 /* Main.storyboard */; };
		BB4525152196B227009BD356 /* Assets.xcassets in Resources */ = {isa = PBXBuildFile; fileRef = BB4525142196B227009BD356 /* Assets.xcassets */; };
		BB4525182196B227009BD356 /* LaunchScreen.storyboard in Resources */ = {isa = PBXBuildFile; fileRef = BB4525162196B227009BD356 /* LaunchScreen.storyboard */; };
		BB4525232196B229009BD356 /* ImageSearchTests.swift in Sources */ = {isa = PBXBuildFile; fileRef = BB4525222196B229009BD356 /* ImageSearchTests.swift */; };
		BB45252E2196B229009BD356 /* ImageSearchUITests.swift in Sources */ = {isa = PBXBuildFile; fileRef = BB45252D2196B229009BD356 /* ImageSearchUITests.swift */; };
		BB45256B2196CA40009BD356 /* APIConfiguration.plist in Resources */ = {isa = PBXBuildFile; fileRef = BB45253C2196CA40009BD356 /* APIConfiguration.plist */; };
		BB45256C2196CA40009BD356 /* APIConfigurationUtil.swift in Sources */ = {isa = PBXBuildFile; fileRef = BB45253D2196CA40009BD356 /* APIConfigurationUtil.swift */; };
		BB45256D2196CA40009BD356 /* APIRequestModel.swift in Sources */ = {isa = PBXBuildFile; fileRef = BB45253E2196CA40009BD356 /* APIRequestModel.swift */; };
		BB45256E2196CA40009BD356 /* APIResponseModel.swift in Sources */ = {isa = PBXBuildFile; fileRef = BB45253F2196CA40009BD356 /* APIResponseModel.swift */; };
		BB4525702196CA40009BD356 /* BaseDataModel.swift in Sources */ = {isa = PBXBuildFile; fileRef = BB4525412196CA40009BD356 /* BaseDataModel.swift */; };
		BB4525712196CA40009BD356 /* CacheDataModel.swift in Sources */ = {isa = PBXBuildFile; fileRef = BB4525432196CA40009BD356 /* CacheDataModel.swift */; };
		BB4525722196CA40009BD356 /* CacheUtil.swift in Sources */ = {isa = PBXBuildFile; fileRef = BB4525442196CA40009BD356 /* CacheUtil.swift */; };
		BB4525732196CA41009BD356 /* DataFactory.swift in Sources */ = {isa = PBXBuildFile; fileRef = BB4525452196CA40009BD356 /* DataFactory.swift */; };
		BB4525742196CA41009BD356 /* APIUtil.swift in Sources */ = {isa = PBXBuildFile; fileRef = BB4525472196CA40009BD356 /* APIUtil.swift */; };
		BB4525752196CA41009BD356 /* BaseModel.swift in Sources */ = {isa = PBXBuildFile; fileRef = BB4525492196CA40009BD356 /* BaseModel.swift */; };
		BB4525762196CA41009BD356 /* BaseViewController.swift in Sources */ = {isa = PBXBuildFile; fileRef = BB45254A2196CA40009BD356 /* BaseViewController.swift */; };
		BB4525782196CA41009BD356 /* DictionaryExtension.swift in Sources */ = {isa = PBXBuildFile; fileRef = BB45254D2196CA40009BD356 /* DictionaryExtension.swift */; };
		BB4525792196CA41009BD356 /* NSNumberExtension.swift in Sources */ = {isa = PBXBuildFile; fileRef = BB45254E2196CA40009BD356 /* NSNumberExtension.swift */; };
		BB45257A2196CA41009BD356 /* StringExtension.swift in Sources */ = {isa = PBXBuildFile; fileRef = BB45254F2196CA40009BD356 /* StringExtension.swift */; };
		BB45257B2196CA41009BD356 /* UIColorExtension.swift in Sources */ = {isa = PBXBuildFile; fileRef = BB4525502196CA40009BD356 /* UIColorExtension.swift */; };
		BB45257F2196CA41009BD356 /* SavedDataUtils.swift in Sources */ = {isa = PBXBuildFile; fileRef = BB4525552196CA40009BD356 /* SavedDataUtils.swift */; };
		BB4525812196CA41009BD356 /* UIUtils.swift in Sources */ = {isa = PBXBuildFile; fileRef = BB4525572196CA40009BD356 /* UIUtils.swift */; };
		BB4525842196CA41009BD356 /* ContainerView.swift in Sources */ = {isa = PBXBuildFile; fileRef = BB45255B2196CA40009BD356 /* ContainerView.swift */; };
		BB4525852196CA41009BD356 /* CustomButton.swift in Sources */ = {isa = PBXBuildFile; fileRef = BB45255C2196CA40009BD356 /* CustomButton.swift */; };
		BB4525892196CA41009BD356 /* ProgressView.swift in Sources */ = {isa = PBXBuildFile; fileRef = BB4525602196CA40009BD356 /* ProgressView.swift */; };
		BB45258A2196CA41009BD356 /* APIConstant.swift in Sources */ = {isa = PBXBuildFile; fileRef = BB4525672196CA40009BD356 /* APIConstant.swift */; };
		BB45258B2196CA41009BD356 /* AppConstant.swift in Sources */ = {isa = PBXBuildFile; fileRef = BB4525682196CA40009BD356 /* AppConstant.swift */; };
		BB45258C2196CA41009BD356 /* ColorConstant.swift in Sources */ = {isa = PBXBuildFile; fileRef = BB4525692196CA40009BD356 /* ColorConstant.swift */; };
		BB4525912196D4A2009BD356 /* PhotoModel.swift in Sources */ = {isa = PBXBuildFile; fileRef = BB4525902196D4A2009BD356 /* PhotoModel.swift */; };
		BB4525932196D4BA009BD356 /* PhotosModel.swift in Sources */ = {isa = PBXBuildFile; fileRef = BB4525922196D4BA009BD356 /* PhotosModel.swift */; };
		BB4525952196EF43009BD356 /* PhotosViewModel.swift in Sources */ = {isa = PBXBuildFile; fileRef = BB4525942196EF43009BD356 /* PhotosViewModel.swift */; };
		BB4525972196FCB3009BD356 /* ImageCell.swift in Sources */ = {isa = PBXBuildFile; fileRef = BB4525962196FCB3009BD356 /* ImageCell.swift */; };
		BB45259921970348009BD356 /* UIImageviewExtension.swift in Sources */ = {isa = PBXBuildFile; fileRef = BB45259821970348009BD356 /* UIImageviewExtension.swift */; };
/* End PBXBuildFile section */

/* Begin PBXContainerItemProxy section */
		BB45251F2196B229009BD356 /* PBXContainerItemProxy */ = {
			isa = PBXContainerItemProxy;
			containerPortal = BB4525022196B214009BD356 /* Project object */;
			proxyType = 1;
			remoteGlobalIDString = BB4525092196B214009BD356;
			remoteInfo = ImageSearch;
		};
		BB45252A2196B229009BD356 /* PBXContainerItemProxy */ = {
			isa = PBXContainerItemProxy;
			containerPortal = BB4525022196B214009BD356 /* Project object */;
			proxyType = 1;
			remoteGlobalIDString = BB4525092196B214009BD356;
			remoteInfo = ImageSearch;
		};
/* End PBXContainerItemProxy section */

/* Begin PBXFileReference section */
		BB45250A2196B215009BD356 /* ImageSearch.app */ = {isa = PBXFileReference; explicitFileType = wrapper.application; includeInIndex = 0; path = ImageSearch.app; sourceTree = BUILT_PRODUCTS_DIR; };
		BB45250D2196B215009BD356 /* AppDelegate.swift */ = {isa = PBXFileReference; lastKnownFileType = sourcecode.swift; path = AppDelegate.swift; sourceTree = "<group>"; };
		BB45250F2196B215009BD356 /* ViewController.swift */ = {isa = PBXFileReference; lastKnownFileType = sourcecode.swift; path = ViewController.swift; sourceTree = "<group>"; };
		BB4525122196B216009BD356 /* Base */ = {isa = PBXFileReference; lastKnownFileType = file.storyboard; name = Base; path = Base.lproj/Main.storyboard; sourceTree = "<group>"; };
		BB4525142196B227009BD356 /* Assets.xcassets */ = {isa = PBXFileReference; lastKnownFileType = folder.assetcatalog; path = Assets.xcassets; sourceTree = "<group>"; };
		BB4525172196B227009BD356 /* Base */ = {isa = PBXFileReference; lastKnownFileType = file.storyboard; name = Base; path = Base.lproj/LaunchScreen.storyboard; sourceTree = "<group>"; };
		BB4525192196B227009BD356 /* Info.plist */ = {isa = PBXFileReference; lastKnownFileType = text.plist.xml; path = Info.plist; sourceTree = "<group>"; };
		BB45251E2196B229009BD356 /* ImageSearchTests.xctest */ = {isa = PBXFileReference; explicitFileType = wrapper.cfbundle; includeInIndex = 0; path = ImageSearchTests.xctest; sourceTree = BUILT_PRODUCTS_DIR; };
		BB4525222196B229009BD356 /* ImageSearchTests.swift */ = {isa = PBXFileReference; lastKnownFileType = sourcecode.swift; path = ImageSearchTests.swift; sourceTree = "<group>"; };
		BB4525242196B229009BD356 /* Info.plist */ = {isa = PBXFileReference; lastKnownFileType = text.plist.xml; path = Info.plist; sourceTree = "<group>"; };
		BB4525292196B229009BD356 /* ImageSearchUITests.xctest */ = {isa = PBXFileReference; explicitFileType = wrapper.cfbundle; includeInIndex = 0; path = ImageSearchUITests.xctest; sourceTree = BUILT_PRODUCTS_DIR; };
		BB45252D2196B229009BD356 /* ImageSearchUITests.swift */ = {isa = PBXFileReference; lastKnownFileType = sourcecode.swift; path = ImageSearchUITests.swift; sourceTree = "<group>"; };
		BB45252F2196B229009BD356 /* Info.plist */ = {isa = PBXFileReference; lastKnownFileType = text.plist.xml; path = Info.plist; sourceTree = "<group>"; };
		BB45253C2196CA40009BD356 /* APIConfiguration.plist */ = {isa = PBXFileReference; fileEncoding = 4; lastKnownFileType = text.plist.xml; path = APIConfiguration.plist; sourceTree = "<group>"; };
		BB45253D2196CA40009BD356 /* APIConfigurationUtil.swift */ = {isa = PBXFileReference; fileEncoding = 4; lastKnownFileType = sourcecode.swift; path = APIConfigurationUtil.swift; sourceTree = "<group>"; };
		BB45253E2196CA40009BD356 /* APIRequestModel.swift */ = {isa = PBXFileReference; fileEncoding = 4; lastKnownFileType = sourcecode.swift; path = APIRequestModel.swift; sourceTree = "<group>"; };
		BB45253F2196CA40009BD356 /* APIResponseModel.swift */ = {isa = PBXFileReference; fileEncoding = 4; lastKnownFileType = sourcecode.swift; path = APIResponseModel.swift; sourceTree = "<group>"; };
		BB4525412196CA40009BD356 /* BaseDataModel.swift */ = {isa = PBXFileReference; fileEncoding = 4; lastKnownFileType = sourcecode.swift; path = BaseDataModel.swift; sourceTree = "<group>"; };
		BB4525432196CA40009BD356 /* CacheDataModel.swift */ = {isa = PBXFileReference; fileEncoding = 4; lastKnownFileType = sourcecode.swift; path = CacheDataModel.swift; sourceTree = "<group>"; };
		BB4525442196CA40009BD356 /* CacheUtil.swift */ = {isa = PBXFileReference; fileEncoding = 4; lastKnownFileType = sourcecode.swift; path = CacheUtil.swift; sourceTree = "<group>"; };
		BB4525452196CA40009BD356 /* DataFactory.swift */ = {isa = PBXFileReference; fileEncoding = 4; lastKnownFileType = sourcecode.swift; path = DataFactory.swift; sourceTree = "<group>"; };
		BB4525472196CA40009BD356 /* APIUtil.swift */ = {isa = PBXFileReference; fileEncoding = 4; lastKnownFileType = sourcecode.swift; path = APIUtil.swift; sourceTree = "<group>"; };
		BB4525492196CA40009BD356 /* BaseModel.swift */ = {isa = PBXFileReference; fileEncoding = 4; lastKnownFileType = sourcecode.swift; path = BaseModel.swift; sourceTree = "<group>"; };
		BB45254A2196CA40009BD356 /* BaseViewController.swift */ = {isa = PBXFileReference; fileEncoding = 4; lastKnownFileType = sourcecode.swift; path = BaseViewController.swift; sourceTree = "<group>"; };
		BB45254D2196CA40009BD356 /* DictionaryExtension.swift */ = {isa = PBXFileReference; fileEncoding = 4; lastKnownFileType = sourcecode.swift; path = DictionaryExtension.swift; sourceTree = "<group>"; };
		BB45254E2196CA40009BD356 /* NSNumberExtension.swift */ = {isa = PBXFileReference; fileEncoding = 4; lastKnownFileType = sourcecode.swift; path = NSNumberExtension.swift; sourceTree = "<group>"; };
		BB45254F2196CA40009BD356 /* StringExtension.swift */ = {isa = PBXFileReference; fileEncoding = 4; lastKnownFileType = sourcecode.swift; path = StringExtension.swift; sourceTree = "<group>"; };
		BB4525502196CA40009BD356 /* UIColorExtension.swift */ = {isa = PBXFileReference; fileEncoding = 4; lastKnownFileType = sourcecode.swift; path = UIColorExtension.swift; sourceTree = "<group>"; };
		BB4525552196CA40009BD356 /* SavedDataUtils.swift */ = {isa = PBXFileReference; fileEncoding = 4; lastKnownFileType = sourcecode.swift; path = SavedDataUtils.swift; sourceTree = "<group>"; };
		BB4525572196CA40009BD356 /* UIUtils.swift */ = {isa = PBXFileReference; fileEncoding = 4; lastKnownFileType = sourcecode.swift; path = UIUtils.swift; sourceTree = "<group>"; };
		BB45255B2196CA40009BD356 /* ContainerView.swift */ = {isa = PBXFileReference; fileEncoding = 4; lastKnownFileType = sourcecode.swift; path = ContainerView.swift; sourceTree = "<group>"; };
		BB45255C2196CA40009BD356 /* CustomButton.swift */ = {isa = PBXFileReference; fileEncoding = 4; lastKnownFileType = sourcecode.swift; path = CustomButton.swift; sourceTree = "<group>"; };
		BB4525602196CA40009BD356 /* ProgressView.swift */ = {isa = PBXFileReference; fileEncoding = 4; lastKnownFileType = sourcecode.swift; path = ProgressView.swift; sourceTree = "<group>"; };
		BB4525672196CA40009BD356 /* APIConstant.swift */ = {isa = PBXFileReference; fileEncoding = 4; lastKnownFileType = sourcecode.swift; path = APIConstant.swift; sourceTree = "<group>"; };
		BB4525682196CA40009BD356 /* AppConstant.swift */ = {isa = PBXFileReference; fileEncoding = 4; lastKnownFileType = sourcecode.swift; path = AppConstant.swift; sourceTree = "<group>"; };
		BB4525692196CA40009BD356 /* ColorConstant.swift */ = {isa = PBXFileReference; fileEncoding = 4; lastKnownFileType = sourcecode.swift; path = ColorConstant.swift; sourceTree = "<group>"; };
		BB4525902196D4A2009BD356 /* PhotoModel.swift */ = {isa = PBXFileReference; lastKnownFileType = sourcecode.swift; path = PhotoModel.swift; sourceTree = "<group>"; };
		BB4525922196D4BA009BD356 /* PhotosModel.swift */ = {isa = PBXFileReference; lastKnownFileType = sourcecode.swift; path = PhotosModel.swift; sourceTree = "<group>"; };
		BB4525942196EF43009BD356 /* PhotosViewModel.swift */ = {isa = PBXFileReference; lastKnownFileType = sourcecode.swift; path = PhotosViewModel.swift; sourceTree = "<group>"; };
		BB4525962196FCB3009BD356 /* ImageCell.swift */ = {isa = PBXFileReference; lastKnownFileType = sourcecode.swift; path = ImageCell.swift; sourceTree = "<group>"; };
		BB45259821970348009BD356 /* UIImageviewExtension.swift */ = {isa = PBXFileReference; lastKnownFileType = sourcecode.swift; path = UIImageviewExtension.swift; sourceTree = "<group>"; };
/* End PBXFileReference section */

/* Begin PBXFrameworksBuildPhase section */
		BB4525072196B214009BD356 /* Frameworks */ = {
			isa = PBXFrameworksBuildPhase;
			buildActionMask = 2147483647;
			files = (
			);
			runOnlyForDeploymentPostprocessing = 0;
		};
		BB45251B2196B229009BD356 /* Frameworks */ = {
			isa = PBXFrameworksBuildPhase;
			buildActionMask = 2147483647;
			files = (
			);
			runOnlyForDeploymentPostprocessing = 0;
		};
		BB4525262196B229009BD356 /* Frameworks */ = {
			isa = PBXFrameworksBuildPhase;
			buildActionMask = 2147483647;
			files = (
			);
			runOnlyForDeploymentPostprocessing = 0;
		};
/* End PBXFrameworksBuildPhase section */

/* Begin PBXGroup section */
		BB4525012196B214009BD356 = {
			isa = PBXGroup;
			children = (
				BB45250C2196B215009BD356 /* ImageSearch */,
				BB4525212196B229009BD356 /* ImageSearchTests */,
				BB45252C2196B229009BD356 /* ImageSearchUITests */,
				BB45250B2196B215009BD356 /* Products */,
			);
			sourceTree = "<group>";
		};
		BB45250B2196B215009BD356 /* Products */ = {
			isa = PBXGroup;
			children = (
				BB45250A2196B215009BD356 /* ImageSearch.app */,
				BB45251E2196B229009BD356 /* ImageSearchTests.xctest */,
				BB4525292196B229009BD356 /* ImageSearchUITests.xctest */,
			);
			name = Products;
			sourceTree = "<group>";
		};
		BB45250C2196B215009BD356 /* ImageSearch */ = {
			isa = PBXGroup;
			children = (
				BB4525482196CA40009BD356 /* Base Classes */,
				BB4525662196CA40009BD356 /* Constants */,
				BB4525592196CA40009BD356 /* Custom Views */,
				BB45253B2196CA40009BD356 /* Data Factory */,
				BB45254B2196CA40009BD356 /* Extension */,
				BB4525512196CA40009BD356 /* Utils */,
				BB45250D2196B215009BD356 /* AppDelegate.swift */,
				BB45250F2196B215009BD356 /* ViewController.swift */,
				BB4525112196B216009BD356 /* Main.storyboard */,
				BB4525142196B227009BD356 /* Assets.xcassets */,
				BB4525162196B227009BD356 /* LaunchScreen.storyboard */,
				BB4525192196B227009BD356 /* Info.plist */,
				BB4525902196D4A2009BD356 /* PhotoModel.swift */,
				BB4525922196D4BA009BD356 /* PhotosModel.swift */,
				BB4525942196EF43009BD356 /* PhotosViewModel.swift */,
				BB4525962196FCB3009BD356 /* ImageCell.swift */,
			);
			path = ImageSearch;
			sourceTree = "<group>";
		};
		BB4525212196B229009BD356 /* ImageSearchTests */ = {
			isa = PBXGroup;
			children = (
				BB4525222196B229009BD356 /* ImageSearchTests.swift */,
				BB4525242196B229009BD356 /* Info.plist */,
			);
			path = ImageSearchTests;
			sourceTree = "<group>";
		};
		BB45252C2196B229009BD356 /* ImageSearchUITests */ = {
			isa = PBXGroup;
			children = (
				BB45252D2196B229009BD356 /* ImageSearchUITests.swift */,
				BB45252F2196B229009BD356 /* Info.plist */,
			);
			path = ImageSearchUITests;
			sourceTree = "<group>";
		};
		BB45253B2196CA40009BD356 /* Data Factory */ = {
			isa = PBXGroup;
			children = (
				BB45253C2196CA40009BD356 /* APIConfiguration.plist */,
				BB45253D2196CA40009BD356 /* APIConfigurationUtil.swift */,
				BB45253E2196CA40009BD356 /* APIRequestModel.swift */,
				BB45253F2196CA40009BD356 /* APIResponseModel.swift */,
				BB4525412196CA40009BD356 /* BaseDataModel.swift */,
				BB4525422196CA40009BD356 /* Cache Factory */,
				BB4525452196CA40009BD356 /* DataFactory.swift */,
				BB4525462196CA40009BD356 /* Remote Factory */,
			);
			path = "Data Factory";
			sourceTree = "<group>";
		};
		BB4525422196CA40009BD356 /* Cache Factory */ = {
			isa = PBXGroup;
			children = (
				BB4525432196CA40009BD356 /* CacheDataModel.swift */,
				BB4525442196CA40009BD356 /* CacheUtil.swift */,
			);
			path = "Cache Factory";
			sourceTree = "<group>";
		};
		BB4525462196CA40009BD356 /* Remote Factory */ = {
			isa = PBXGroup;
			children = (
				BB4525472196CA40009BD356 /* APIUtil.swift */,
			);
			path = "Remote Factory";
			sourceTree = "<group>";
		};
		BB4525482196CA40009BD356 /* Base Classes */ = {
			isa = PBXGroup;
			children = (
				BB4525492196CA40009BD356 /* BaseModel.swift */,
				BB45254A2196CA40009BD356 /* BaseViewController.swift */,
			);
			path = "Base Classes";
			sourceTree = "<group>";
		};
		BB45254B2196CA40009BD356 /* Extension */ = {
			isa = PBXGroup;
			children = (
				BB45254D2196CA40009BD356 /* DictionaryExtension.swift */,
				BB45254E2196CA40009BD356 /* NSNumberExtension.swift */,
				BB45254F2196CA40009BD356 /* StringExtension.swift */,
				BB4525502196CA40009BD356 /* UIColorExtension.swift */,
				BB45259821970348009BD356 /* UIImageviewExtension.swift */,
			);
			path = Extension;
			sourceTree = "<group>";
		};
		BB4525512196CA40009BD356 /* Utils */ = {
			isa = PBXGroup;
			children = (
				BB4525552196CA40009BD356 /* SavedDataUtils.swift */,
				BB4525572196CA40009BD356 /* UIUtils.swift */,
			);
			path = Utils;
			sourceTree = "<group>";
		};
		BB4525592196CA40009BD356 /* Custom Views */ = {
			isa = PBXGroup;
			children = (
				BB45255B2196CA40009BD356 /* ContainerView.swift */,
				BB45255C2196CA40009BD356 /* CustomButton.swift */,
				BB4525602196CA40009BD356 /* ProgressView.swift */,
			);
			path = "Custom Views";
			sourceTree = "<group>";
		};
		BB4525662196CA40009BD356 /* Constants */ = {
			isa = PBXGroup;
			children = (
				BB4525672196CA40009BD356 /* APIConstant.swift */,
				BB4525682196CA40009BD356 /* AppConstant.swift */,
				BB4525692196CA40009BD356 /* ColorConstant.swift */,
			);
			path = Constants;
			sourceTree = "<group>";
		};
/* End PBXGroup section */

/* Begin PBXNativeTarget section */
		BB4525092196B214009BD356 /* ImageSearch */ = {
			isa = PBXNativeTarget;
			buildConfigurationList = BB4525322196B229009BD356 /* Build configuration list for PBXNativeTarget "ImageSearch" */;
			buildPhases = (
				BB4525062196B214009BD356 /* Sources */,
				BB4525072196B214009BD356 /* Frameworks */,
				BB4525082196B214009BD356 /* Resources */,
			);
			buildRules = (
			);
			dependencies = (
			);
			name = ImageSearch;
			productName = ImageSearch;
			productReference = BB45250A2196B215009BD356 /* ImageSearch.app */;
			productType = "com.apple.product-type.application";
		};
		BB45251D2196B229009BD356 /* ImageSearchTests */ = {
			isa = PBXNativeTarget;
			buildConfigurationList = BB4525352196B229009BD356 /* Build configuration list for PBXNativeTarget "ImageSearchTests" */;
			buildPhases = (
				BB45251A2196B229009BD356 /* Sources */,
				BB45251B2196B229009BD356 /* Frameworks */,
				BB45251C2196B229009BD356 /* Resources */,
			);
			buildRules = (
			);
			dependencies = (
				BB4525202196B229009BD356 /* PBXTargetDependency */,
			);
			name = ImageSearchTests;
			productName = ImageSearchTests;
			productReference = BB45251E2196B229009BD356 /* ImageSearchTests.xctest */;
			productType = "com.apple.product-type.bundle.unit-test";
		};
		BB4525282196B229009BD356 /* ImageSearchUITests */ = {
			isa = PBXNativeTarget;
			buildConfigurationList = BB4525382196B229009BD356 /* Build configuration list for PBXNativeTarget "ImageSearchUITests" */;
			buildPhases = (
				BB4525252196B229009BD356 /* Sources */,
				BB4525262196B229009BD356 /* Frameworks */,
				BB4525272196B229009BD356 /* Resources */,
			);
			buildRules = (
			);
			dependencies = (
				BB45252B2196B229009BD356 /* PBXTargetDependency */,
			);
			name = ImageSearchUITests;
			productName = ImageSearchUITests;
			productReference = BB4525292196B229009BD356 /* ImageSearchUITests.xctest */;
			productType = "com.apple.product-type.bundle.ui-testing";
		};
/* End PBXNativeTarget section */

/* Begin PBXProject section */
		BB4525022196B214009BD356 /* Project object */ = {
			isa = PBXProject;
			attributes = {
				LastSwiftUpdateCheck = 1000;
				LastUpgradeCheck = 1000;
				ORGANIZATIONNAME = "Nikhil Bansal";
				TargetAttributes = {
					BB4525092196B214009BD356 = {
						CreatedOnToolsVersion = 10.0;
					};
					BB45251D2196B229009BD356 = {
						CreatedOnToolsVersion = 10.0;
						TestTargetID = BB4525092196B214009BD356;
					};
					BB4525282196B229009BD356 = {
						CreatedOnToolsVersion = 10.0;
						TestTargetID = BB4525092196B214009BD356;
					};
				};
			};
			buildConfigurationList = BB4525052196B214009BD356 /* Build configuration list for PBXProject "ImageSearch" */;
			compatibilityVersion = "Xcode 9.3";
			developmentRegion = en;
			hasScannedForEncodings = 0;
			knownRegions = (
				en,
				Base,
			);
			mainGroup = BB4525012196B214009BD356;
			productRefGroup = BB45250B2196B215009BD356 /* Products */;
			projectDirPath = "";
			projectRoot = "";
			targets = (
				BB4525092196B214009BD356 /* ImageSearch */,
				BB45251D2196B229009BD356 /* ImageSearchTests */,
				BB4525282196B229009BD356 /* ImageSearchUITests */,
			);
		};
/* End PBXProject section */

/* Begin PBXResourcesBuildPhase section */
		BB4525082196B214009BD356 /* Resources */ = {
			isa = PBXResourcesBuildPhase;
			buildActionMask = 2147483647;
			files = (
				BB4525182196B227009BD356 /* LaunchScreen.storyboard in Resources */,
				BB4525152196B227009BD356 /* Assets.xcassets in Resources */,
				BB45256B2196CA40009BD356 /* APIConfiguration.plist in Resources */,
				BB4525132196B216009BD356 /* Main.storyboard in Resources */,
			);
			runOnlyForDeploymentPostprocessing = 0;
		};
		BB45251C2196B229009BD356 /* Resources */ = {
			isa = PBXResourcesBuildPhase;
			buildActionMask = 2147483647;
			files = (
			);
			runOnlyForDeploymentPostprocessing = 0;
		};
		BB4525272196B229009BD356 /* Resources */ = {
			isa = PBXResourcesBuildPhase;
			buildActionMask = 2147483647;
			files = (
			);
			runOnlyForDeploymentPostprocessing = 0;
		};
/* End PBXResourcesBuildPhase section */

/* Begin PBXSourcesBuildPhase section */
		BB4525062196B214009BD356 /* Sources */ = {
			isa = PBXSourcesBuildPhase;
			buildActionMask = 2147483647;
			files = (
				BB4525762196CA41009BD356 /* BaseViewController.swift in Sources */,
				BB4525702196CA40009BD356 /* BaseDataModel.swift in Sources */,
				BB4525742196CA41009BD356 /* APIUtil.swift in Sources */,
				BB4525722196CA40009BD356 /* CacheUtil.swift in Sources */,
				BB4525852196CA41009BD356 /* CustomButton.swift in Sources */,
				BB4525972196FCB3009BD356 /* ImageCell.swift in Sources */,
				BB45259921970348009BD356 /* UIImageviewExtension.swift in Sources */,
				BB45256D2196CA40009BD356 /* APIRequestModel.swift in Sources */,
				BB45257B2196CA41009BD356 /* UIColorExtension.swift in Sources */,
				BB4525102196B215009BD356 /* ViewController.swift in Sources */,
				BB45257A2196CA41009BD356 /* StringExtension.swift in Sources */,
				BB45257F2196CA41009BD356 /* SavedDataUtils.swift in Sources */,
				BB4525752196CA41009BD356 /* BaseModel.swift in Sources */,
				BB4525812196CA41009BD356 /* UIUtils.swift in Sources */,
				BB4525932196D4BA009BD356 /* PhotosModel.swift in Sources */,
				BB4525792196CA41009BD356 /* NSNumberExtension.swift in Sources */,
				BB45250E2196B215009BD356 /* AppDelegate.swift in Sources */,
				BB4525732196CA41009BD356 /* DataFactory.swift in Sources */,
				BB4525842196CA41009BD356 /* ContainerView.swift in Sources */,
				BB4525912196D4A2009BD356 /* PhotoModel.swift in Sources */,
				BB4525952196EF43009BD356 /* PhotosViewModel.swift in Sources */,
				BB45258C2196CA41009BD356 /* ColorConstant.swift in Sources */,
				BB45256E2196CA40009BD356 /* APIResponseModel.swift in Sources */,
				BB45258A2196CA41009BD356 /* APIConstant.swift in Sources */,
				BB4525782196CA41009BD356 /* DictionaryExtension.swift in Sources */,
				BB4525712196CA40009BD356 /* CacheDataModel.swift in Sources */,
				BB45256C2196CA40009BD356 /* APIConfigurationUtil.swift in Sources */,
				BB4525892196CA41009BD356 /* ProgressView.swift in Sources */,
				BB45258B2196CA41009BD356 /* AppConstant.swift in Sources */,
			);
			runOnlyForDeploymentPostprocessing = 0;
		};
		BB45251A2196B229009BD356 /* Sources */ = {
			isa = PBXSourcesBuildPhase;
			buildActionMask = 2147483647;
			files = (
				BB4525232196B229009BD356 /* ImageSearchTests.swift in Sources */,
			);
			runOnlyForDeploymentPostprocessing = 0;
		};
		BB4525252196B229009BD356 /* Sources */ = {
			isa = PBXSourcesBuildPhase;
			buildActionMask = 2147483647;
			files = (
				BB45252E2196B229009BD356 /* ImageSearchUITests.swift in Sources */,
			);
			runOnlyForDeploymentPostprocessing = 0;
		};
/* End PBXSourcesBuildPhase section */

/* Begin PBXTargetDependency section */
		BB4525202196B229009BD356 /* PBXTargetDependency */ = {
			isa = PBXTargetDependency;
			target = BB4525092196B214009BD356 /* ImageSearch */;
			targetProxy = BB45251F2196B229009BD356 /* PBXContainerItemProxy */;
		};
		BB45252B2196B229009BD356 /* PBXTargetDependency */ = {
			isa = PBXTargetDependency;
			target = BB4525092196B214009BD356 /* ImageSearch */;
			targetProxy = BB45252A2196B229009BD356 /* PBXContainerItemProxy */;
		};
/* End PBXTargetDependency section */

/* Begin PBXVariantGroup section */
		BB4525112196B216009BD356 /* Main.storyboard */ = {
			isa = PBXVariantGroup;
			children = (
				BB4525122196B216009BD356 /* Base */,
			);
			name = Main.storyboard;
			sourceTree = "<group>";
		};
		BB4525162196B227009BD356 /* LaunchScreen.storyboard */ = {
			isa = PBXVariantGroup;
			children = (
				BB4525172196B227009BD356 /* Base */,
			);
			name = LaunchScreen.storyboard;
			sourceTree = "<group>";
		};
/* End PBXVariantGroup section */

/* Begin XCBuildConfiguration section */
		BB4525302196B229009BD356 /* Debug */ = {
			isa = XCBuildConfiguration;
			buildSettings = {
				ALWAYS_SEARCH_USER_PATHS = NO;
				CLANG_ANALYZER_NONNULL = YES;
				CLANG_ANALYZER_NUMBER_OBJECT_CONVERSION = YES_AGGRESSIVE;
				CLANG_CXX_LANGUAGE_STANDARD = "gnu++14";
				CLANG_CXX_LIBRARY = "libc++";
				CLANG_ENABLE_MODULES = YES;
				CLANG_ENABLE_OBJC_ARC = YES;
				CLANG_ENABLE_OBJC_WEAK = YES;
				CLANG_WARN_BLOCK_CAPTURE_AUTORELEASING = YES;
				CLANG_WARN_BOOL_CONVERSION = YES;
				CLANG_WARN_COMMA = YES;
				CLANG_WARN_CONSTANT_CONVERSION = YES;
				CLANG_WARN_DEPRECATED_OBJC_IMPLEMENTATIONS = YES;
				CLANG_WARN_DIRECT_OBJC_ISA_USAGE = YES_ERROR;
				CLANG_WARN_DOCUMENTATION_COMMENTS = YES;
				CLANG_WARN_EMPTY_BODY = YES;
				CLANG_WARN_ENUM_CONVERSION = YES;
				CLANG_WARN_INFINITE_RECURSION = YES;
				CLANG_WARN_INT_CONVERSION = YES;
				CLANG_WARN_NON_LITERAL_NULL_CONVERSION = YES;
				CLANG_WARN_OBJC_IMPLICIT_RETAIN_SELF = YES;
				CLANG_WARN_OBJC_LITERAL_CONVERSION = YES;
				CLANG_WARN_OBJC_ROOT_CLASS = YES_ERROR;
				CLANG_WARN_RANGE_LOOP_ANALYSIS = YES;
				CLANG_WARN_STRICT_PROTOTYPES = YES;
				CLANG_WARN_SUSPICIOUS_MOVE = YES;
				CLANG_WARN_UNGUARDED_AVAILABILITY = YES_AGGRESSIVE;
				CLANG_WARN_UNREACHABLE_CODE = YES;
				CLANG_WARN__DUPLICATE_METHOD_MATCH = YES;
				CODE_SIGN_IDENTITY = "iPhone Developer";
				COPY_PHASE_STRIP = NO;
				DEBUG_INFORMATION_FORMAT = dwarf;
				ENABLE_STRICT_OBJC_MSGSEND = YES;
				ENABLE_TESTABILITY = YES;
				GCC_C_LANGUAGE_STANDARD = gnu11;
				GCC_DYNAMIC_NO_PIC = NO;
				GCC_NO_COMMON_BLOCKS = YES;
				GCC_OPTIMIZATION_LEVEL = 0;
				GCC_PREPROCESSOR_DEFINITIONS = (
					"DEBUG=1",
					"$(inherited)",
				);
				GCC_WARN_64_TO_32_BIT_CONVERSION = YES;
				GCC_WARN_ABOUT_RETURN_TYPE = YES_ERROR;
				GCC_WARN_UNDECLARED_SELECTOR = YES;
				GCC_WARN_UNINITIALIZED_AUTOS = YES_AGGRESSIVE;
				GCC_WARN_UNUSED_FUNCTION = YES;
				GCC_WARN_UNUSED_VARIABLE = YES;
				IPHONEOS_DEPLOYMENT_TARGET = 12.0;
				MTL_ENABLE_DEBUG_INFO = INCLUDE_SOURCE;
				MTL_FAST_MATH = YES;
				ONLY_ACTIVE_ARCH = YES;
				SDKROOT = iphoneos;
				SWIFT_ACTIVE_COMPILATION_CONDITIONS = DEBUG;
				SWIFT_OPTIMIZATION_LEVEL = "-Onone";
			};
			name = Debug;
		};
		BB4525312196B229009BD356 /* Release */ = {
			isa = XCBuildConfiguration;
			buildSettings = {
				ALWAYS_SEARCH_USER_PATHS = NO;
				CLANG_ANALYZER_NONNULL = YES;
				CLANG_ANALYZER_NUMBER_OBJECT_CONVERSION = YES_AGGRESSIVE;
				CLANG_CXX_LANGUAGE_STANDARD = "gnu++14";
				CLANG_CXX_LIBRARY = "libc++";
				CLANG_ENABLE_MODULES = YES;
				CLANG_ENABLE_OBJC_ARC = YES;
				CLANG_ENABLE_OBJC_WEAK = YES;
				CLANG_WARN_BLOCK_CAPTURE_AUTORELEASING = YES;
				CLANG_WARN_BOOL_CONVERSION = YES;
				CLANG_WARN_COMMA = YES;
				CLANG_WARN_CONSTANT_CONVERSION = YES;
				CLANG_WARN_DEPRECATED_OBJC_IMPLEMENTATIONS = YES;
				CLANG_WARN_DIRECT_OBJC_ISA_USAGE = YES_ERROR;
				CLANG_WARN_DOCUMENTATION_COMMENTS = YES;
				CLANG_WARN_EMPTY_BODY = YES;
				CLANG_WARN_ENUM_CONVERSION = YES;
				CLANG_WARN_INFINITE_RECURSION = YES;
				CLANG_WARN_INT_CONVERSION = YES;
				CLANG_WARN_NON_LITERAL_NULL_CONVERSION = YES;
				CLANG_WARN_OBJC_IMPLICIT_RETAIN_SELF = YES;
				CLANG_WARN_OBJC_LITERAL_CONVERSION = YES;
				CLANG_WARN_OBJC_ROOT_CLASS = YES_ERROR;
				CLANG_WARN_RANGE_LOOP_ANALYSIS = YES;
				CLANG_WARN_STRICT_PROTOTYPES = YES;
				CLANG_WARN_SUSPICIOUS_MOVE = YES;
				CLANG_WARN_UNGUARDED_AVAILABILITY = YES_AGGRESSIVE;
				CLANG_WARN_UNREACHABLE_CODE = YES;
				CLANG_WARN__DUPLICATE_METHOD_MATCH = YES;
				CODE_SIGN_IDENTITY = "iPhone Developer";
				COPY_PHASE_STRIP = NO;
				DEBUG_INFORMATION_FORMAT = "dwarf-with-dsym";
				ENABLE_NS_ASSERTIONS = NO;
				ENABLE_STRICT_OBJC_MSGSEND = YES;
				GCC_C_LANGUAGE_STANDARD = gnu11;
				GCC_NO_COMMON_BLOCKS = YES;
				GCC_WARN_64_TO_32_BIT_CONVERSION = YES;
				GCC_WARN_ABOUT_RETURN_TYPE = YES_ERROR;
				GCC_WARN_UNDECLARED_SELECTOR = YES;
				GCC_WARN_UNINITIALIZED_AUTOS = YES_AGGRESSIVE;
				GCC_WARN_UNUSED_FUNCTION = YES;
				GCC_WARN_UNUSED_VARIABLE = YES;
				IPHONEOS_DEPLOYMENT_TARGET = 12.0;
				MTL_ENABLE_DEBUG_INFO = NO;
				MTL_FAST_MATH = YES;
				SDKROOT = iphoneos;
				SWIFT_COMPILATION_MODE = wholemodule;
				SWIFT_OPTIMIZATION_LEVEL = "-O";
				VALIDATE_PRODUCT = YES;
			};
			name = Release;
		};
		BB4525332196B229009BD356 /* Debug */ = {
			isa = XCBuildConfiguration;
			buildSettings = {
				ASSETCATALOG_COMPILER_APPICON_NAME = AppIcon;
				CODE_SIGN_STYLE = Automatic;
				DEVELOPMENT_TEAM = GW9HBPV68Q;
				INFOPLIST_FILE = ImageSearch/Info.plist;
				LD_RUNPATH_SEARCH_PATHS = (
					"$(inherited)",
					"@executable_path/Frameworks",
				);
				PRODUCT_BUNDLE_IDENTIFIER = com.phymtek.ImageSearch;
				PRODUCT_NAME = "$(TARGET_NAME)";
				SWIFT_VERSION = 4.2;
				TARGETED_DEVICE_FAMILY = "1,2";
			};
			name = Debug;
		};
		BB4525342196B229009BD356 /* Release */ = {
			isa = XCBuildConfiguration;
			buildSettings = {
				ASSETCATALOG_COMPILER_APPICON_NAME = AppIcon;
				CODE_SIGN_STYLE = Automatic;
				DEVELOPMENT_TEAM = GW9HBPV68Q;
				INFOPLIST_FILE = ImageSearch/Info.plist;
				LD_RUNPATH_SEARCH_PATHS = (
					"$(inherited)",
					"@executable_path/Frameworks",
				);
				PRODUCT_BUNDLE_IDENTIFIER = com.phymtek.ImageSearch;
				PRODUCT_NAME = "$(TARGET_NAME)";
				SWIFT_VERSION = 4.2;
				TARGETED_DEVICE_FAMILY = "1,2";
			};
			name = Release;
		};
		BB4525362196B229009BD356 /* Debug */ = {
			isa = XCBuildConfiguration;
			buildSettings = {
				ALWAYS_EMBED_SWIFT_STANDARD_LIBRARIES = YES;
				BUNDLE_LOADER = "$(TEST_HOST)";
				CODE_SIGN_STYLE = Automatic;
				INFOPLIST_FILE = ImageSearchTests/Info.plist;
				LD_RUNPATH_SEARCH_PATHS = (
					"$(inherited)",
					"@executable_path/Frameworks",
					"@loader_path/Frameworks",
				);
				PRODUCT_BUNDLE_IDENTIFIER = com.phymtek.ImageSearchTests;
				PRODUCT_NAME = "$(TARGET_NAME)";
				SWIFT_VERSION = 4.2;
				TARGETED_DEVICE_FAMILY = "1,2";
				TEST_HOST = "$(BUILT_PRODUCTS_DIR)/ImageSearch.app/ImageSearch";
			};
			name = Debug;
		};
		BB4525372196B229009BD356 /* Release */ = {
			isa = XCBuildConfiguration;
			buildSettings = {
				ALWAYS_EMBED_SWIFT_STANDARD_LIBRARIES = YES;
				BUNDLE_LOADER = "$(TEST_HOST)";
				CODE_SIGN_STYLE = Automatic;
				INFOPLIST_FILE = ImageSearchTests/Info.plist;
				LD_RUNPATH_SEARCH_PATHS = (
					"$(inherited)",
					"@executable_path/Frameworks",
					"@loader_path/Frameworks",
				);
				PRODUCT_BUNDLE_IDENTIFIER = com.phymtek.ImageSearchTests;
				PRODUCT_NAME = "$(TARGET_NAME)";
				SWIFT_VERSION = 4.2;
				TARGETED_DEVICE_FAMILY = "1,2";
				TEST_HOST = "$(BUILT_PRODUCTS_DIR)/ImageSearch.app/ImageSearch";
			};
			name = Release;
		};
		BB4525392196B229009BD356 /* Debug */ = {
			isa = XCBuildConfiguration;
			buildSettings = {
				ALWAYS_EMBED_SWIFT_STANDARD_LIBRARIES = YES;
				CODE_SIGN_STYLE = Automatic;
				INFOPLIST_FILE = ImageSearchUITests/Info.plist;
				LD_RUNPATH_SEARCH_PATHS = (
					"$(inherited)",
					"@executable_path/Frameworks",
					"@loader_path/Frameworks",
				);
				PRODUCT_BUNDLE_IDENTIFIER = com.phymtek.ImageSearchUITests;
				PRODUCT_NAME = "$(TARGET_NAME)";
				SWIFT_VERSION = 4.2;
				TARGETED_DEVICE_FAMILY = "1,2";
				TEST_TARGET_NAME = ImageSearch;
			};
			name = Debug;
		};
		BB45253A2196B229009BD356 /* Release */ = {
			isa = XCBuildConfiguration;
			buildSettings = {
				ALWAYS_EMBED_SWIFT_STANDARD_LIBRARIES = YES;
				CODE_SIGN_STYLE = Automatic;
				INFOPLIST_FILE = ImageSearchUITests/Info.plist;
				LD_RUNPATH_SEARCH_PATHS = (
					"$(inherited)",
					"@executable_path/Frameworks",
					"@loader_path/Frameworks",
				);
				PRODUCT_BUNDLE_IDENTIFIER = com.phymtek.ImageSearchUITests;
				PRODUCT_NAME = "$(TARGET_NAME)";
				SWIFT_VERSION = 4.2;
				TARGETED_DEVICE_FAMILY = "1,2";
				TEST_TARGET_NAME = ImageSearch;
			};
			name = Release;
		};
/* End XCBuildConfiguration section */

/* Begin XCConfigurationList section */
		BB4525052196B214009BD356 /* Build configuration list for PBXProject "ImageSearch" */ = {
			isa = XCConfigurationList;
			buildConfigurations = (
				BB4525302196B229009BD356 /* Debug */,
				BB4525312196B229009BD356 /* Release */,
			);
			defaultConfigurationIsVisible = 0;
			defaultConfigurationName = Release;
		};
		BB4525322196B229009BD356 /* Build configuration list for PBXNativeTarget "ImageSearch" */ = {
			isa = XCConfigurationList;
			buildConfigurations = (
				BB4525332196B229009BD356 /* Debug */,
				BB4525342196B229009BD356 /* Release */,
			);
			defaultConfigurationIsVisible = 0;
			defaultConfigurationName = Release;
		};
		BB4525352196B229009BD356 /* Build configuration list for PBXNativeTarget "ImageSearchTests" */ = {
			isa = XCConfigurationList;
			buildConfigurations = (
				BB4525362196B229009BD356 /* Debug */,
				BB4525372196B229009BD356 /* Release */,
			);
			defaultConfigurationIsVisible = 0;
			defaultConfigurationName = Release;
		};
		BB4525382196B229009BD356 /* Build configuration list for PBXNativeTarget "ImageSearchUITests" */ = {
			isa = XCConfigurationList;
			buildConfigurations = (
				BB4525392196B229009BD356 /* Debug */,
				BB45253A2196B229009BD356 /* Release */,
			);
			defaultConfigurationIsVisible = 0;
			defaultConfigurationName = Release;
		};
/* End XCConfigurationList section */
	};
	rootObject = BB4525022196B214009BD356 /* Project object */;
}
